
Microsoft Visual Studio Solution File, Format Version 12.00
# Visual Studio Version 16
VisualStudioVersion = 16.0.31515.178
MinimumVisualStudioVersion = 10.0.40219.1
Project("{FAE04EC0-301F-11D3-BF4B-00C04F79EFBC}") = "ASP.NET-Core-App", "ASP.NET-Core-App\ASP.NET-Core-App.csproj", "{575F06E3-7903-4B48-A600-D99EDCC3DE20}"
EndProject
Global
	GlobalSection(SolutionConfigurationPlatforms) = preSolution
		Debug|Any CPU = Debug|Any CPU
		Release|Any CPU = Release|Any CPU
	EndGlobalSection
	GlobalSection(ProjectConfigurationPlatforms) = postSolution
		{575F06E3-7903-4B48-A600-D99EDCC3DE20}.Debug|Any CPU.ActiveCfg = Debug|Any CPU
		{575F06E3-7903-4B48-A600-D99EDCC3DE20}.Debug|Any CPU.Build.0 = Debug|Any CPU
		{575F06E3-7903-4B48-A600-D99EDCC3DE20}.Release|Any CPU.ActiveCfg = Release|Any CPU
		{575F06E3-7903-4B48-A600-D99EDCC3DE20}.Release|Any CPU.Build.0 = Release|Any CPU
	EndGlobalSection
	GlobalSection(SolutionProperties) = preSolution
		HideSolutionNode = FALSE
	EndGlobalSection
	GlobalSection(ExtensibilityGlobals) = postSolution
		SolutionGuid = {D1016421-A8FB-4C91-87FE-61DCDBC2B6FE}
	EndGlobalSection
EndGlobal
